
Microsoft Visual Studio Solution File, Format Version 11.00
# Visual Studio 2010
Project("{FAE04EC0-301F-11D3-BF4B-00C04F79EFBC}") = "Assembly-CSharp", "Assembly-CSharp.csproj", "{a2163551-b0b5-03f9-5240-9acb8e439343}"
EndProject
Project("{FAE04EC0-301F-11D3-BF4B-00C04F79EFBC}") = "Assembly-CSharp-Editor", "Assembly-CSharp-Editor.csproj", "{7256eff5-3fcd-53cc-bf6f-c8bda0ab3714}"
EndProject
Global
	GlobalSection(SolutionConfigurationPlatforms) = preSolution
		Debug|Any CPU = Debug|Any CPU
		Release|Any CPU = Release|Any CPU
	EndGlobalSection
	GlobalSection(ProjectConfigurationPlatforms) = postSolution
		{a2163551-b0b5-03f9-5240-9acb8e439343}.Debug|Any CPU.ActiveCfg = Debug|Any CPU
		{a2163551-b0b5-03f9-5240-9acb8e439343}.Debug|Any CPU.Build.0 = Debug|Any CPU
		{a2163551-b0b5-03f9-5240-9acb8e439343}.Release|Any CPU.ActiveCfg = Release|Any CPU
		{a2163551-b0b5-03f9-5240-9acb8e439343}.Release|Any CPU.Build.0 = Release|Any CPU
		{7256eff5-3fcd-53cc-bf6f-c8bda0ab3714}.Debug|Any CPU.ActiveCfg = Debug|Any CPU
		{7256eff5-3fcd-53cc-bf6f-c8bda0ab3714}.Debug|Any CPU.Build.0 = Debug|Any CPU
		{7256eff5-3fcd-53cc-bf6f-c8bda0ab3714}.Release|Any CPU.ActiveCfg = Release|Any CPU
		{7256eff5-3fcd-53cc-bf6f-c8bda0ab3714}.Release|Any CPU.Build.0 = Release|Any CPU
	EndGlobalSection
	GlobalSection(SolutionProperties) = preSolution
		HideSolutionNode = FALSE
	EndGlobalSection
EndGlobal
