
Microsoft Visual Studio Solution File, Format Version 11.00
# Visual Studio 2010
Project("{FAE04EC0-301F-11D3-BF4B-00C04F79EFBC}") = "Assembly-CSharp", "Assembly-CSharp.csproj", "{53be6d00-2528-6331-7079-b68600f7e414}"
EndProject
Project("{FAE04EC0-301F-11D3-BF4B-00C04F79EFBC}") = "Assembly-CSharp-Editor", "Assembly-CSharp-Editor.csproj", "{62e8ff37-7a01-1dbb-2440-730b39316404}"
EndProject
Global
	GlobalSection(SolutionConfigurationPlatforms) = preSolution
		Debug|Any CPU = Debug|Any CPU
		Release|Any CPU = Release|Any CPU
	EndGlobalSection
	GlobalSection(ProjectConfigurationPlatforms) = postSolution
		{53be6d00-2528-6331-7079-b68600f7e414}.Debug|Any CPU.ActiveCfg = Debug|Any CPU
		{53be6d00-2528-6331-7079-b68600f7e414}.Debug|Any CPU.Build.0 = Debug|Any CPU
		{53be6d00-2528-6331-7079-b68600f7e414}.Release|Any CPU.ActiveCfg = Release|Any CPU
		{53be6d00-2528-6331-7079-b68600f7e414}.Release|Any CPU.Build.0 = Release|Any CPU
		{62e8ff37-7a01-1dbb-2440-730b39316404}.Debug|Any CPU.ActiveCfg = Debug|Any CPU
		{62e8ff37-7a01-1dbb-2440-730b39316404}.Debug|Any CPU.Build.0 = Debug|Any CPU
		{62e8ff37-7a01-1dbb-2440-730b39316404}.Release|Any CPU.ActiveCfg = Release|Any CPU
		{62e8ff37-7a01-1dbb-2440-730b39316404}.Release|Any CPU.Build.0 = Release|Any CPU
	EndGlobalSection
	GlobalSection(SolutionProperties) = preSolution
		HideSolutionNode = FALSE
	EndGlobalSection
EndGlobal
